Microsoft Visual Studio Solution File, Format Version 9.00
# Visual Studio 2005
Project("{FAE04EC0-301F-11D3-BF4B-00C04F79EFBC}") = "TeamAgile.XtUnit", "TeamAgile.XtUnit\TeamAgile.XtUnit.csproj", "{2A8B9AEE-2400-4829-AC47-4D1094587272}"
EndProject
Project("{FAE04EC0-301F-11D3-BF4B-00C04F79EFBC}") = "TeamAgile.XtUnit.Samples", "TeamAgile.XtUnit.Samples\TeamAgile.XtUnit.Samples.csproj", "{17DD926D-2C3D-43D3-A419-D7D2000E997C}"
EndProject
Project("{2150E333-8FDC-42A3-9474-1A3956D46DE8}") = "Solution Items", "Solution Items", "{3811D252-2C62-4BD4-9132-10B9E36569F5}"
	ProjectSection(SolutionItems) = preProject
		XtUnitCoolBook.htm = XtUnitCoolBook.htm
	EndProjectSection
EndProject
Global
	GlobalSection(SolutionConfigurationPlatforms) = preSolution
		Debug|Any CPU = Debug|Any CPU
		Release|Any CPU = Release|Any CPU
	EndGlobalSection
	GlobalSection(ProjectConfigurationPlatforms) = postSolution
		{2A8B9AEE-2400-4829-AC47-4D1094587272}.Debug|Any CPU.ActiveCfg = Debug|Any CPU
		{2A8B9AEE-2400-4829-AC47-4D1094587272}.Debug|Any CPU.Build.0 = Debug|Any CPU
		{2A8B9AEE-2400-4829-AC47-4D1094587272}.Release|Any CPU.ActiveCfg = Release|Any CPU
		{2A8B9AEE-2400-4829-AC47-4D1094587272}.Release|Any CPU.Build.0 = Release|Any CPU
		{17DD926D-2C3D-43D3-A419-D7D2000E997C}.Debug|Any CPU.ActiveCfg = Debug|Any CPU
		{17DD926D-2C3D-43D3-A419-D7D2000E997C}.Debug|Any CPU.Build.0 = Debug|Any CPU
		{17DD926D-2C3D-43D3-A419-D7D2000E997C}.Release|Any CPU.ActiveCfg = Release|Any CPU
		{17DD926D-2C3D-43D3-A419-D7D2000E997C}.Release|Any CPU.Build.0 = Release|Any CPU
	EndGlobalSection
	GlobalSection(SolutionProperties) = preSolution
		HideSolutionNode = FALSE
	EndGlobalSection
EndGlobal
