Microsoft Visual Studio Solution File, Format Version 8.00
Project("{FAE04EC0-301F-11D3-BF4B-00C04F79EFBC}") = "XtUnit.Framework", "XtUnit.Framework\XtUnit.Framework.csproj", "{0D93571A-7C7B-42F6-9BF2-03C423DC44C9}"
	ProjectSection(ProjectDependencies) = postProject
	EndProjectSection
EndProject
Project("{FAE04EC0-301F-11D3-BF4B-00C04F79EFBC}") = "XtUnit.Extensions.Royo", "Xtunit.Extensions.Royo\XtUnit.Extensions.Royo.csproj", "{2A8B9AEE-2400-4829-AC47-4D1094587272}"
	ProjectSection(ProjectDependencies) = postProject
	EndProjectSection
EndProject
Project("{FAE04EC0-301F-11D3-BF4B-00C04F79EFBC}") = "XtUnit.SampleTests", "XtUnit.SampleTests\XtUnit.SampleTests.csproj", "{576DF679-DDF4-4FD5-A2D3-01A4C19245BB}"
	ProjectSection(ProjectDependencies) = postProject
	EndProjectSection
EndProject
Global
	GlobalSection(SolutionConfiguration) = preSolution
		Debug = Debug
		Release = Release
	EndGlobalSection
	GlobalSection(ProjectConfiguration) = postSolution
		{0D93571A-7C7B-42F6-9BF2-03C423DC44C9}.Debug.ActiveCfg = Debug|.NET
		{0D93571A-7C7B-42F6-9BF2-03C423DC44C9}.Debug.Build.0 = Debug|.NET
		{0D93571A-7C7B-42F6-9BF2-03C423DC44C9}.Release.ActiveCfg = Release|.NET
		{0D93571A-7C7B-42F6-9BF2-03C423DC44C9}.Release.Build.0 = Release|.NET
		{2A8B9AEE-2400-4829-AC47-4D1094587272}.Debug.ActiveCfg = Debug|.NET
		{2A8B9AEE-2400-4829-AC47-4D1094587272}.Debug.Build.0 = Debug|.NET
		{2A8B9AEE-2400-4829-AC47-4D1094587272}.Release.ActiveCfg = Release|.NET
		{2A8B9AEE-2400-4829-AC47-4D1094587272}.Release.Build.0 = Release|.NET
		{576DF679-DDF4-4FD5-A2D3-01A4C19245BB}.Debug.ActiveCfg = Debug|.NET
		{576DF679-DDF4-4FD5-A2D3-01A4C19245BB}.Debug.Build.0 = Debug|.NET
		{576DF679-DDF4-4FD5-A2D3-01A4C19245BB}.Release.ActiveCfg = Release|.NET
		{576DF679-DDF4-4FD5-A2D3-01A4C19245BB}.Release.Build.0 = Release|.NET
	EndGlobalSection
	GlobalSection(SolutionItems) = postSolution
		XtUnit.key = XtUnit.key
	EndGlobalSection
	GlobalSection(ExtensibilityGlobals) = postSolution
	EndGlobalSection
	GlobalSection(ExtensibilityAddIns) = postSolution
	EndGlobalSection
EndGlobal
