Microsoft Visual Studio Solution File, Format Version 9.00
# Visual Studio 2005
Project("{FAE04EC0-301F-11D3-BF4B-00C04F79EFBC}") = "XtUnit.Framework", "XtUnit.Framework\XtUnit.Framework.csproj", "{0D93571A-7C7B-42F6-9BF2-03C423DC44C9}"
EndProject
Project("{FAE04EC0-301F-11D3-BF4B-00C04F79EFBC}") = "XtUnit.Extensions.Royo", "Xtunit.Extensions.Royo\XtUnit.Extensions.Royo.csproj", "{2A8B9AEE-2400-4829-AC47-4D1094587272}"
EndProject
Project("{FAE04EC0-301F-11D3-BF4B-00C04F79EFBC}") = "XtUnit.SampleTests", "XtUnit.SampleTests\XtUnit.SampleTests.csproj", "{576DF679-DDF4-4FD5-A2D3-01A4C19245BB}"
EndProject
Project("{2150E333-8FDC-42A3-9474-1A3956D46DE8}") = "Solution Items", "Solution Items", "{29F60767-E492-407D-9CF4-9F7A5AC9CFAD}"
	ProjectSection(SolutionItems) = preProject
		XtUnit.key = XtUnit.key
		XtUnitCoolBook.htm = XtUnitCoolBook.htm
	EndProjectSection
EndProject
Global
	GlobalSection(SolutionConfigurationPlatforms) = preSolution
		Debug|Any CPU = Debug|Any CPU
		Release|Any CPU = Release|Any CPU
	EndGlobalSection
	GlobalSection(ProjectConfigurationPlatforms) = postSolution
		{0D93571A-7C7B-42F6-9BF2-03C423DC44C9}.Debug|Any CPU.ActiveCfg = Debug|Any CPU
		{0D93571A-7C7B-42F6-9BF2-03C423DC44C9}.Debug|Any CPU.Build.0 = Debug|Any CPU
		{0D93571A-7C7B-42F6-9BF2-03C423DC44C9}.Release|Any CPU.ActiveCfg = Release|Any CPU
		{0D93571A-7C7B-42F6-9BF2-03C423DC44C9}.Release|Any CPU.Build.0 = Release|Any CPU
		{2A8B9AEE-2400-4829-AC47-4D1094587272}.Debug|Any CPU.ActiveCfg = Debug|Any CPU
		{2A8B9AEE-2400-4829-AC47-4D1094587272}.Debug|Any CPU.Build.0 = Debug|Any CPU
		{2A8B9AEE-2400-4829-AC47-4D1094587272}.Release|Any CPU.ActiveCfg = Release|Any CPU
		{2A8B9AEE-2400-4829-AC47-4D1094587272}.Release|Any CPU.Build.0 = Release|Any CPU
		{576DF679-DDF4-4FD5-A2D3-01A4C19245BB}.Debug|Any CPU.ActiveCfg = Debug|Any CPU
		{576DF679-DDF4-4FD5-A2D3-01A4C19245BB}.Debug|Any CPU.Build.0 = Debug|Any CPU
		{576DF679-DDF4-4FD5-A2D3-01A4C19245BB}.Release|Any CPU.ActiveCfg = Release|Any CPU
		{576DF679-DDF4-4FD5-A2D3-01A4C19245BB}.Release|Any CPU.Build.0 = Release|Any CPU
	EndGlobalSection
	GlobalSection(SolutionProperties) = preSolution
		HideSolutionNode = FALSE
	EndGlobalSection
EndGlobal
